github.com/oliamb/cutter v0.2.2 h1:Lfwkya0HHNU1YLnGv2hTkzHfasrSMkgv4Dn+5rmlk3k=
github.com/oliamb/cutter v0.2.2/go.mod h1:4BenG2/4GuRBDbVm/OPahDVqbrOemzpPiG5mi1iryBU=
github.com/phpdave11/gofpdi v1.0.8 h1:9HRg0Z0qDfWeMU7ska+YNQ13RHxTxqP5KTg/dBl4o7c=
github.com/phpdave11/gofpdi v1.0.8/go.mod h1:vBmVV0Do6hSBHC8uKUQ71JGW+ZGQq74llk/7bXwjDoI=
github.com/pkg/errors v0.8.1 h1:iURUrRGxPUNPdy5/HRSm+Yj6okJ6UtLINN0Q9M4+h3I=
github.com/pkg/errors v0.8.1/go.mod h1:bwawxfHBFNV+L2hUp1rHADufV3IMtnDRdf1r5NINEl0=
github.com/signintech/gopdf v0.9.13 h1:nS+CYn5ZAoYDesFGmwRwtIEiZZUy/2jpHLfoqGW2IC8=
github.com/signintech/gopdf v0.9.13/go.mod h1:YSAgnGaC2bLUlciG/pbzpnzFg9qfhqdITEA9lKEHiI0=
